
Microsoft Visual Studio Solution File, Format Version 11.00
# Visual Studio 2010
Project("{FAE04EC0-301F-11D3-BF4B-00C04F79EFBC}") = "linqjs", "linqjs.csproj", "{FB7C5B3A-FC57-4ED0-A5F2-F22BDA40529C}"
EndProject
Global
	GlobalSection(SolutionConfigurationPlatforms) = preSolution
		Debug|Any CPU = Debug|Any CPU
		Release|Any CPU = Release|Any CPU
	EndGlobalSection
	GlobalSection(ProjectConfigurationPlatforms) = postSolution
		{FB7C5B3A-FC57-4ED0-A5F2-F22BDA40529C}.Debug|Any CPU.ActiveCfg = Debug|Any CPU
		{FB7C5B3A-FC57-4ED0-A5F2-F22BDA40529C}.Debug|Any CPU.Build.0 = Debug|Any CPU
		{FB7C5B3A-FC57-4ED0-A5F2-F22BDA40529C}.Release|Any CPU.ActiveCfg = Release|Any CPU
		{FB7C5B3A-FC57-4ED0-A5F2-F22BDA40529C}.Release|Any CPU.Build.0 = Release|Any CPU
	EndGlobalSection
	GlobalSection(SolutionProperties) = preSolution
		HideSolutionNode = FALSE
	EndGlobalSection
EndGlobal
