
Microsoft Visual Studio Solution File, Format Version 10.00
# Visual Studio 2008
Project("{FAE04EC0-301F-11D3-BF4B-00C04F79EFBC}") = "IntelliSenseGenerator", "IntelliSenseGenerator.csproj", "{71E936A6-2F45-4E5E-A4CD-2E11A4C47F1A}"
EndProject
Global
	GlobalSection(SolutionConfigurationPlatforms) = preSolution
		Debug|Any CPU = Debug|Any CPU
		Release|Any CPU = Release|Any CPU
	EndGlobalSection
	GlobalSection(ProjectConfigurationPlatforms) = postSolution
		{71E936A6-2F45-4E5E-A4CD-2E11A4C47F1A}.Debug|Any CPU.ActiveCfg = Debug|Any CPU
		{71E936A6-2F45-4E5E-A4CD-2E11A4C47F1A}.Debug|Any CPU.Build.0 = Debug|Any CPU
		{71E936A6-2F45-4E5E-A4CD-2E11A4C47F1A}.Release|Any CPU.ActiveCfg = Release|Any CPU
		{71E936A6-2F45-4E5E-A4CD-2E11A4C47F1A}.Release|Any CPU.Build.0 = Release|Any CPU
	EndGlobalSection
	GlobalSection(SolutionProperties) = preSolution
		HideSolutionNode = FALSE
	EndGlobalSection
EndGlobal
